github.com/bytedance/sonic v1.10.2 h1:4SJmzrpYHjP2MX6Qvw7R8E4S9j3rWY6fKkLqhRJo5i4=
github.com/bytedance/sonic v1.10.2/go.mod h1:VI2QmvGjtpfUWF8U49TcsJZ8p4IXGWVH4a2uLGuX0Ts=
github.com/cespare/xxhash/v2 v2.2.0 h1:DC2CZ1Ep5Y4k3ZQ899DldepgrayRUGE6BBZ/cd9Cj44=
github.com/cespare/xxhash/v2 v2.2.0/go.mod h1:VGX0DQ3Q6kWi7AoAeZDth3/j3Q3P2s8knL6Q8U3H3I=
github.com/chenzhuoyu/base64x v0.0.0-20230717121745-296ad89f973d h1:0d99lL+yrQDNLwgWLwHJI1D4Fjq4Fw1mV04+k7+Vz4M=
github.com/chenzhuoyu/base64x v0.0.0-20230717121745-296ad89f973d/go.mod h1:wN2y88M8l2o1QVs4CnWA50dJJ3G4GJdL5hL6yG5O+VE=
github.com/chenzhuoyu/iasm v0.9.1 h1:8oWYwZAzadTC4P5MU6aD9k2+7v6E4zBDOujQBFscqCY=
github.com/chenzhuoyu/iasm v0.9.1/go.mod h1:jKz4y0R3oL1yJI2xJK+5M51L3rqP4tZQBrNbxVP3yE=
github.com/dgryski/go-rendezvous v0.0.0-20200823014737-9f7001d12a5f h1:lO4WD4F/rVNCu3HqELle0jiPLLBs70cWOduZpkS1E78=
github.com/dgryski/go-rendezvous v0.0.0-20200823014737-9f7001d12a5f/go.mod h1:cuUVRXasLTGF7a8hSLbxyZXjz+1KgoB3wDUb6vlszIc=
github.com/gabriel-vasile/mimetype v1.4.3 h1:4IsPMC8IcXvQ/8jT4n5BU1x0UPaZ4jC8K+3F5H4FxRk=
github.com/gabriel-vasile/mimetype v1.4.3/go.mod h1:z3H5v3U8K7v7Y0N5xX8O4Kz3U3DV4k51pYcK3cqPQmc=
github.com/gin-contrib/sse v0.1.0 h1:YJ3btNBdxZJOSS+qLMBt9ya2Rnguy7jD2dWHse9t5Es=
github.com/gin-contrib/sse v0.1.0/go.mod h1:6pF5G2f8D7w6S1qU8Fx9TxaYqeV4h8HU5Nt7kxXZ6iw=
github.com/gin-gonic/gin v1.9.1 h1:4CA+5KLyv2q2q7yT4L1S6L8G1BqJ2q2y1H9V7F7Y3w=
github.com/gin-gonic/gin v1.9.1/go.mod h1:ND4f5F0+E8t5ThlTmCZdr1Ik3Z5a2vq5F8n6H3L3C9o=
github.com/go-playground/locales v0.14.1 h1:2PUTQ3R8a9q3t1Q7oG3j8Vmlq2KfL6BQPQq6y0jtnGQ=
github.com/go-playground/locales v0.14.1/go.mod h1:3Ms31+5dVG1t0CZ9kS24Hn5HfxQ0F7lFD3+5a3VZ3jU=
github.com/go-playground/universal-translator v0.18.1 h1:Bcnm0ZwsA6S6qE2QRYMrT1HSc6v8R1p9T6C4Q/U4hM4=
github.com/go-playground/universal-translator v0.18.1/go.mod h1:x87Y5u9KB5v7LbSqt4ZQR4k38PNY5tMQz9Q5v9xP9oU=
github.com/go-playground/validator/v10 v10.16.0 h1:2aE0Xy60y3V8g+oQPwYqIvkKJN+6N3F5KxU3RqZRU8=
github.com/go-playground/validator/v10 v10.16.0/go.mod h1:9i5eOqiVOZBCJ4xNK5gPQZx1lL3+FQ+AqNPhX0wXqAQ=
github.com/goccy/go-json v0.10.2 h1:OdwrcbJ57+psL6w97l1vBHfC4qBU5Z4h5j75nkikcL4=
github.com/goccy/go-json v0.10.2/go.mod h11QWTkGTv0O4/d8hX5f5f5D5oD5qU98r5l5qU5f7P6U=
github.com/golang-jwt/jwt/v5 v5.2.0 h1:7cYmW1Xl3fH2qWW3oIaluc7dEgQZ1LKF3P1d7Xh8V6Y=
github.com/golang-jwt/jwt/v5 v5.2.0/go.mod h1:pqrtFR0X4osieyHYxtmOUWsAWrfe1Q5UVIyoH402zdk=
github.com/google/uuid v1.5.0 h1:1p67kYwdtXjb0gL0BPiP1Av9wiZPo5A8z2cWkTZ+eyU=
github.com/google/uuid v1.5.0/go.mod h1:TIyPZe4MgqvfeYDBFedMoGGpEw/LqOeaOT+nhxU+yHo=
github.com/jackc/pgpassfile v1.0.0 h1:/6Hmqy13Ss2zCq62VdNG8tM1wchn8zjSGOBJ6icpsIM=
github.com/jackc/pgpassfile v1.0.0/go.mod h1:CEx0iS5ambNFdcRtxPj5JhEz+xB6uRky5eyVu/W2HEg=
github.com/jackc/pgservicefile v0.0.0-20231201235250-de7065d80cb9 h1:L0QtFUgDarD7Fpv9jeVMgy/+Ec0mtnmYuImjTz6dtDA=
github.com/jackc/pgservicefile v0.0.0-20231201235250-de7065d80cb9/go.mod h1:5TJZWKEWniPve33vlWYSoGYefn3gLQRzjfDlhSJ9ZKM=
github.com/jackc/pgx/v5 v5.5.1 h1:amBjrZVmksIdNjxGW/IiIMzxMKZFelXbUoPNb+8sjQw=
github.com/jackc/pgx/v5 v5.5.1/go.mod h1:ez9gk+OAat140fv9ErkZDYFWmXLfV+++K0uAOiwgm1A=
github.com/jackc/puddle/v2 v2.2.1 h1:RhxXJtFG022u4ibrCSMSiu5aOq1i77R3OHKNJj77OAk=
github.com/jackc/puddle/v2 v2.2.1/go.mod h1:vriiEXHvEE654aYKXXjOvZM39qJ0q+azkZFrfEOc3H4=
github.com/jinzhu/inflection v1.0.0 h1:K317FqzuhWc8YvSVlFMCCUb36O/S9MCKRDI7QkRKD/E=
github.com/jinzhu/inflection v1.0.0/go.mod h1:h+uFLlag+Qp1Va5pdKtLDYj+kHp5pxUVkryuEj+Srlc=
github.com/jinzhu/now v1.1.5 h1:/o9tlHleP7gOFmsnYNz3RGnqzefHA47wQpKrrdTIwXQ=
github.com/jinzhu/now v1.1.5/go.mod h1:d3SSVoowX0Lcu0IBviAWJpolVfI5UJVZZ7cO71lE/z8=
github.com/json-iterator/go v1.1.12 h1:PV8peI4a0ysnczrg+LtxykD8LfKY9ML6u2jnxaEnrnM=
github.com/json-iterator/go v1.1.12/go.mod h1:e30LSqwooZae/UwlEbR2852Gd8hjQvJoHmT4TnhNGBo=
github.com/klauspost/cpuid/v2 v2.2.6 h1:ndKQBGlTVGb6LKz1hS5O4T6hWrJ6AnL8rYT4r7dPzPQ=
github.com/klauspost/cpuid/v2 v2.2.6/go.mod h1:RlFO8CvcQ4D8lvh06tdc4JCVeWqX66I7Oi5xI6PZ31M=
github.com/leodido/go-urn v1.2.4 h1:DslO6+3xM63lqT1T4Y3K08Y4DQaQZ5YqT6BK4TqBdk=
github.com/leodido/go-urn v1.2.4/go.mod h1:7j3q51Ek7Z+3RqoBbw8lpvCIbj2T0DgMP2SpkQ0QA7w=
github.com/mattn/go-isatty v0.0.20 h1:xfD0iDuEKnDkl03q4limB+vH+GxLEtL/jb4xVJSWWEY=
github.com/mattn/go-isatty v0.0.20/go.mod h1:W+V8PltTTMOvKvAeJH7IuucS94S2C6jfK/D7dTCTo3Y=
github.com/minio/minio-go/v7 v7.0.69 h1:8v7riHGh/45e3WF8yS3vDJBmP8mK3eI7Z8T2+6R5Y0w=
github.com/minio/minio-go/v7 v7.0.69/go.mod h1:0D8h3A7TqCl9NYP4c5KnvPfy5T0KZ7bU9D+I2s5L+5M=
github.com/modern-go/concurrent v0.0.0-20180306012644-bacd9c7ef1dd h1:TRLaZ9cD/w8PVh93nsPXa1VrQ6jlwL5oN8l14QlcNfg=
github.com/modern-go/concurrent v0.0.0-20180306012644-bacd9c7ef1dd/go.mod h1:6dJC0mAP4ikYIbvyc7fijjWJddQyLn8Ig3JB5CqoB9Q=
github.com/modern-go/reflect2 v1.0.2 h1:xBagoLtFs94CBntxluKeaWgTMpvLxC4ur3nMaC9Gz0M=
github.com/modern-go/reflect2 v1.0.2/go.mod h1:yWuevngMOJpCy52FWWMvUC8ws7m/LJsjYzDa0/r8luk=
github.com/nats-io/nats.go v1.31.0 h1:UR3Q3LBG5v7M1NVYVdLVhW/ONINamTq7D5xJmXQzfvA=
github.com/nats-io/nats.go v1.31.0/go.mod h1:AzrpxGRMZBpS8WajWnMCo/5hLGr8M6ePNZLRNlGe5hk=
github.com/pelletier/go-toml/v2 v2.1.1 h1:FnwAJ4oYMvbT/34k9zzHuZNrhlz48GB3/s6at6/MHO4=
github.com/pelletier/go-toml/v2 v2.1.1/go.mod h1:tJU2Z3ZkXwnxa4DPO899bsyIoywizdUvyaeZurnPPDc=
github.com/redis/go-redis/v9 v9.4.0 h1:H1X4D3yHPacFPtLNwpP6kfC38qT3B0G4F1uDqKf8j4k=
github.com/redis/go-redis/v9 v9.4.0/go.mod h1:hdY0cQFCN4fnSYT6TkisLufl/4W5UIIyv7Z0q0x2LE=
github.com/twitchyliquid64/golang-asm v0.15.1 h1:q3O7y5k/wm1txJQW3X4RjFfHcyG7L3o2C8pL3hT1Y4g=
github.com/twitchyliquid64/golang-asm v0.15.1/go.mod h1:FaPny3qU6Q7Vam4GRFXsKu17gfKmEBGkC3v5VwF1h5Q=
github.com/ugorji/go/codec v1.2.12 h1:7kD8KP/W8MsoeE7U9EVN2o1V1P8kPl1R4vKFrF1HkQ4=
github.com/ugorji/go/codec v1.2.12/go.mod h1:IvP3/W7rPih5mRiRV2V+If+V5U3gGa8D6DYmF8Q0hXhk=
golang.org/x/arch v0.6.0 h1:4DGBk+5xC3U+CG18lfX7h5L+30r7r4lEOrRN3jEZmI=
golang.org/x/arch v0.6.0/go.mod h1:FEVrYAQjs2XbcsszRytHSCJEOlLA5L1AlHy6XJKQ+ao=
golang.org/x/crypto v0.18.0 h1:iuxmIwK6xXoL7MSzWUNMQvGsJMRU1jKC7LV2bCXTq7g=
golang.org/x/crypto v0.18.0/go.mod h1:gCAAfMLgwOJRpTjQ2zCCt2OcSfYMTeZVSRtQlPC7Nq4=
golang.org/x/net v0.20.0 h1:ACkRVMWnGCxN0GHqbZ6lGsV2LcvqibL1j/Fl7UVH3w=
golang.org/x/net v0.20.0/go.mod h1:z5CRVTTTmAJ677TzLLGU+0bjPO0LkuOLi4/5GtJWs/s=
golang.org/x/sync v0.6.0 h1:5BMeUDZ7vkXGfEr1x9B4bRcTH4lpkTkpdh0T/J+qjbQ=
golang.org/x/sync v0.6.0/go.mod h1:Czt+wKu1gCyEFDUtn0jG5QVvpJ6rzVqr5aXyt9drQfk=
golang.org/x/sys v0.16.0 h1:xms4UrCNouXPT3kziXQ0WN8aeXSTy7JiLRt2cV3+ZY=
golang.org/x/sys v0.16.0/go.mod h1:/VUhepiaJMQUp4+27DJzNs/jLRR0xz7YLiM2TmL3Dw=
golang.org/x/text v0.14.0 h1:ScX5w1eTa3QqT8oi6+ziP7dTV1S2+ALU0bI+0zXKWiQ=
golang.org/x/text v0.14.0/go.mod h1:18ZOQIKpY8NJVqYksKHtTdi31H5itFRjB5/qKTNYzSU=
google.golang.org/protobuf v1.32.0 h1:g0LDEJHgrBl9N9r17Ru3sqWhkIx2NB67okBHPwC7hs8=
google.golang.org/protobuf v1.32.0/go.mod h1:TYyCE5M4T2Vu2bqmPtn6x2l9p4G4HWVJmlqQ4P9G6h8=
gopkg.in/yaml.v3 v3.0.1 h1:fxVm/GzAzEWqLHuvctI91KS9hhNmmWOoWu0XTYJS7CA=
gopkg.in/yaml.v3 v3.0.1/go.mod h1:K4uyk7z7BCEPqu6E+C64Yfv1cQ7kz7rIZviUmN+EgEM=
